Microsoft Visual Studio Solution File, Format Version 11.00
# Visual Studio 2008

Project("{AA0A5F39-2C08-FAE5-AA56-44078F37B74C}") = "BabyGuidoProject", "Assembly-CSharp.csproj", "{A75DAC31-8229-5D44-9423-13C3C4214689}"
EndProject
Global
	GlobalSection(SolutionConfigurationPlatforms) = preSolution
		Debug|Any CPU = Debug|Any CPU
		Release|Any CPU = Release|Any CPU
	EndGlobalSection
	GlobalSection(ProjectConfigurationPlatforms) = postSolution
		{A75DAC31-8229-5D44-9423-13C3C4214689}.Debug|Any CPU.ActiveCfg = Debug|Any CPU
		{A75DAC31-8229-5D44-9423-13C3C4214689}.Debug|Any CPU.Build.0 = Debug|Any CPU
		{A75DAC31-8229-5D44-9423-13C3C4214689}.Release|Any CPU.ActiveCfg = Release|Any CPU
		{A75DAC31-8229-5D44-9423-13C3C4214689}.Release|Any CPU.Build.0 = Release|Any CPU
	EndGlobalSection
	GlobalSection(SolutionProperties) = preSolution
		HideSolutionNode = FALSE
	EndGlobalSection
	GlobalSection(MonoDevelopProperties) = preSolution
		StartupItem = Assembly-CSharp.csproj
	EndGlobalSection
EndGlobal
