
Microsoft Visual Studio Solution File, Format Version 11.00
# Visual Studio 2010
Project("{FAE04EC0-301F-11D3-BF4B-00C04F79EFBC}") = "LookSound", "Assembly-CSharp-firstpass.csproj", "{74FA4C19-62A3-108C-F040-4905002DAE50}"
EndProject
Project("{FAE04EC0-301F-11D3-BF4B-00C04F79EFBC}") = "LookSound", "Assembly-CSharp.csproj", "{375BE8BB-CC7C-B858-BFD7-F464DA5031DC}"
EndProject
Project("{FAE04EC0-301F-11D3-BF4B-00C04F79EFBC}") = "LookSound", "Assembly-CSharp-Editor.csproj", "{48A1F951-3033-FC70-B2B7-4666C9ECC761}"
EndProject
Global
	GlobalSection(SolutionConfigurationPlatforms) = preSolution
		Debug|Any CPU = Debug|Any CPU
		Release|Any CPU = Release|Any CPU
	EndGlobalSection
	GlobalSection(ProjectConfigurationPlatforms) = postSolution
		{74FA4C19-62A3-108C-F040-4905002DAE50}.Debug|Any CPU.ActiveCfg = Debug|Any CPU
		{74FA4C19-62A3-108C-F040-4905002DAE50}.Debug|Any CPU.Build.0 = Debug|Any CPU
		{74FA4C19-62A3-108C-F040-4905002DAE50}.Release|Any CPU.ActiveCfg = Release|Any CPU
		{74FA4C19-62A3-108C-F040-4905002DAE50}.Release|Any CPU.Build.0 = Release|Any CPU
		{375BE8BB-CC7C-B858-BFD7-F464DA5031DC}.Debug|Any CPU.ActiveCfg = Debug|Any CPU
		{375BE8BB-CC7C-B858-BFD7-F464DA5031DC}.Debug|Any CPU.Build.0 = Debug|Any CPU
		{375BE8BB-CC7C-B858-BFD7-F464DA5031DC}.Release|Any CPU.ActiveCfg = Release|Any CPU
		{375BE8BB-CC7C-B858-BFD7-F464DA5031DC}.Release|Any CPU.Build.0 = Release|Any CPU
		{48A1F951-3033-FC70-B2B7-4666C9ECC761}.Debug|Any CPU.ActiveCfg = Debug|Any CPU
		{48A1F951-3033-FC70-B2B7-4666C9ECC761}.Debug|Any CPU.Build.0 = Debug|Any CPU
		{48A1F951-3033-FC70-B2B7-4666C9ECC761}.Release|Any CPU.ActiveCfg = Release|Any CPU
		{48A1F951-3033-FC70-B2B7-4666C9ECC761}.Release|Any CPU.Build.0 = Release|Any CPU
	EndGlobalSection
	GlobalSection(SolutionProperties) = preSolution
		HideSolutionNode = FALSE
	EndGlobalSection
	GlobalSection(MonoDevelopProperties) = preSolution
		StartupItem = Assembly-CSharp.csproj
	EndGlobalSection
EndGlobal
